<?xml version="1.0" encoding="utf-8"?>
<Project ToolsVersion="4.0" xmlns="http://schemas.microsoft.com/developer/msbuild/2003">
  <ItemGroup>
    <Filter Include="Source Files">
      <UniqueIdentifier>{4FC737F1-C7A5-4376-A066-2A32D752A2FF}</UniqueIdentifier>
      <Extensions>cpp;c;cc;cxx;def;odl;idl;hpj;bat;asm;asmx</Extensions>
    </Filter>
    <Filter Include="Header Files">
      <UniqueIdentifier>{93995380-89BD-4b04-88EB-625FBE52EBFB}</UniqueIdentifier>
      <Extensions>h;hh;hpp;hxx;hm;inl;inc;xsd</Extensions>
    </Filter>
    <Filter Include="Resource Files">
      <UniqueIdentifier>{67DA6AB6-F800-4c08-8B7A-83BB121AAD01}</UniqueIdentifier>
      <Extensions>rc;ico;cur;bmp;dlg;rc2;rct;bin;rgs;gif;jpg;jpeg;jpe;resx;tiff;tif;png;wav;mfcribbon-ms</Extensions>
    </Filter>
    <Filter Include="Header Files\laiOffer">
      <UniqueIdentifier>{cdaf1c3c-ca16-4ba3-8baa-1425bbbdb9c6}</UniqueIdentifier>
    </Filter>
    <Filter Include="Header Files\laiOffer\Class4">
      <UniqueIdentifier>{28e67214-dad4-4b27-b584-a8b9389bdefe}</UniqueIdentifier>
    </Filter>
    <Filter Include="Header Files\laiOffer\Class7">
      <UniqueIdentifier>{510d89e1-3e9c-47e6-891d-ecd89fab4696}</UniqueIdentifier>
    </Filter>
    <Filter Include="Header Files\laiOffer\Class8">
      <UniqueIdentifier>{5ac2feea-c2a6-4299-9d92-08383a7b4cd2}</UniqueIdentifier>
    </Filter>
    <Filter Include="Header Files\laiOffer\Class24">
      <UniqueIdentifier>{42bd069e-d6aa-4957-810c-2b905bf9d892}</UniqueIdentifier>
    </Filter>
    <Filter Include="Header Files\laiOffer\Class10">
      <UniqueIdentifier>{82c62a80-aee6-4724-87d6-209f467d9155}</UniqueIdentifier>
    </Filter>
    <Filter Include="Header Files\Practice">
      <UniqueIdentifier>{81eaf1b5-dda5-4bc6-8f60-a3067369b8bf}</UniqueIdentifier>
    </Filter>
  </ItemGroup>
  <ItemGroup>
    <ClCompile Include="Source.cpp">
      <Filter>Source Files</Filter>
    </ClCompile>
  </ItemGroup>
  <ItemGroup>
    <ClInclude Include="_IsBinarySearchTreeOrNot.h">
      <Filter>Header Files\laiOffer\Class4</Filter>
    </ClInclude>
    <ClInclude Include="_IsBinarySearchTreeOrNot_.h">
      <Filter>Header Files\laiOffer\Class7</Filter>
    </ClInclude>
    <ClInclude Include="_RemoveSpaces.h">
      <Filter>Header Files\laiOffer\Class7</Filter>
    </ClInclude>
    <ClInclude Include="_StringReplace.h">
      <Filter>Header Files\laiOffer\Class8</Filter>
    </ClInclude>
    <ClInclude Include="_ReOrderArray.h">
      <Filter>Header Files\laiOffer\Class8</Filter>
    </ClInclude>
    <ClInclude Include="_AllPermutationsII.h">
      <Filter>Header Files\laiOffer\Class8</Filter>
    </ClInclude>
    <ClInclude Include="_AllSubsetsII.h">
      <Filter>Header Files\laiOffer\Class24</Filter>
    </ClInclude>
    <ClInclude Include="_RemoveAdjacentRepeatedCharactersIV.h">
      <Filter>Header Files\laiOffer\Class7</Filter>
    </ClInclude>
    <ClInclude Include="_RemoveCertainCharacters.h">
      <Filter>Header Files\laiOffer\Class7</Filter>
    </ClInclude>
    <ClInclude Include="_RightShiftByNCharacters.h">
      <Filter>Header Files\laiOffer\Class8</Filter>
    </ClInclude>
    <ClInclude Include="_DecompressStringII.h">
      <Filter>Header Files\laiOffer\Class8</Filter>
    </ClInclude>
    <ClInclude Include="_ReverseString.h">
      <Filter>Header Files\laiOffer\Class8</Filter>
    </ClInclude>
    <ClInclude Include="_StringAbbreviationMatching.h">
      <Filter>Header Files\laiOffer\Class10</Filter>
    </ClInclude>
    <ClInclude Include="_MissingNumberI.h">
      <Filter>Header Files\laiOffer\Class7</Filter>
    </ClInclude>
    <ClInclude Include="_ReverseWordsInASentenceI.h">
      <Filter>Header Files\laiOffer\Class8</Filter>
    </ClInclude>
    <ClInclude Include="HeightofBinaryTree.h">
      <Filter>Header Files\Practice</Filter>
    </ClInclude>
    <ClInclude Include="EvaluateReversePolishNotation.h">
      <Filter>Header Files\Practice</Filter>
    </ClInclude>
    <ClInclude Include="SearchInShiftedSortedArrayI.h">
      <Filter>Header Files\Practice</Filter>
    </ClInclude>
    <ClInclude Include="SearchInShiftedSortedArrayII.h">
      <Filter>Header Files\Practice</Filter>
    </ClInclude>
    <ClInclude Include="ShiftPosition.h">
      <Filter>Header Files\Practice</Filter>
    </ClInclude>
    <ClInclude Include="TotalOccurrence.h">
      <Filter>Header Files\Practice</Filter>
    </ClInclude>
  </ItemGroup>
</Project>